
Microsoft Visual Studio Solution File, Format Version 12.00
# Visual Studio Version 16
VisualStudioVersion = 16.0.30204.135
MinimumVisualStudioVersion = 10.0.40219.1
Project("{8BC9CEB8-8B4A-11D0-8D11-00A0C91BC942}") = "TestFirstCProgram", "TestFirstCProgram\TestFirstCProgram.vcxproj", "{DE4E9300-9946-47CF-9753-17BCD1F2980B}"
EndProject
Global
	GlobalSection(SolutionConfigurationPlatforms) = preSolution
		Debug|x64 = Debug|x64
		Debug|x86 = Debug|x86
		Release|x64 = Release|x64
		Release|x86 = Release|x86
	EndGlobalSection
	GlobalSection(ProjectConfigurationPlatforms) = postSolution
		{DE4E9300-9946-47CF-9753-17BCD1F2980B}.Debug|x64.ActiveCfg = Debug|x64
		{DE4E9300-9946-47CF-9753-17BCD1F2980B}.Debug|x64.Build.0 = Debug|x64
		{DE4E9300-9946-47CF-9753-17BCD1F2980B}.Debug|x86.ActiveCfg = Debug|Win32
		{DE4E9300-9946-47CF-9753-17BCD1F2980B}.Debug|x86.Build.0 = Debug|Win32
		{DE4E9300-9946-47CF-9753-17BCD1F2980B}.Release|x64.ActiveCfg = Release|x64
		{DE4E9300-9946-47CF-9753-17BCD1F2980B}.Release|x64.Build.0 = Release|x64
		{DE4E9300-9946-47CF-9753-17BCD1F2980B}.Release|x86.ActiveCfg = Release|Win32
		{DE4E9300-9946-47CF-9753-17BCD1F2980B}.Release|x86.Build.0 = Release|Win32
	EndGlobalSection
	GlobalSection(SolutionProperties) = preSolution
		HideSolutionNode = FALSE
	EndGlobalSection
	GlobalSection(ExtensibilityGlobals) = postSolution
		SolutionGuid = {C814CAFB-7B02-4ABA-A48F-DF2D937C055E}
	EndGlobalSection
EndGlobal
